
Microsoft Visual Studio Solution File, Format Version 12.00
# Visual Studio Version 17
VisualStudioVersion = 17.11.35219.272
MinimumVisualStudioVersion = 10.0.40219.1
Project("{2150E333-8FDC-42A3-9474-1A3956D46DE8}") = "src", "src", "{E38D66BE-F979-487A-BCBF-6F8C9DCCC772}"
EndProject
Project("{2150E333-8FDC-42A3-9474-1A3956D46DE8}") = "01-Domain", "01-Domain", "{94D27912-D286-4BA3-819C-69417DC043B9}"
EndProject
Project("{2150E333-8FDC-42A3-9474-1A3956D46DE8}") = "02-Infrastructure", "02-Infrastructure", "{471212D3-6CC4-4068-AA79-EFC3A7E6D96A}"
EndProject
Project("{2150E333-8FDC-42A3-9474-1A3956D46DE8}") = "03-EndPoint", "03-EndPoint", "{2D852E0B-1A8B-45CD-BA64-B50E654AF5BD}"
EndProject
Project("{2150E333-8FDC-42A3-9474-1A3956D46DE8}") = "Core", "Core", "{31AE461E-C93E-49FC-B60D-6FF84CB1AB50}"
EndProject
Project("{2150E333-8FDC-42A3-9474-1A3956D46DE8}") = "Service", "Service", "{B4D4035C-A084-44EB-8319-080E9A0E3FD1}"
EndProject
Project("{FAE04EC0-301F-11D3-BF4B-00C04F79EFBC}") = "App.Domain.Core", "App.Domain.Core\App.Domain.Core.csproj", "{C917DF59-71B2-463F-9090-54D7AD7FC3F2}"
EndProject
Project("{2150E333-8FDC-42A3-9474-1A3956D46DE8}") = "AppService", "AppService", "{BE97DEDF-539B-4506-A42E-FC9266A82402}"
EndProject
Project("{2150E333-8FDC-42A3-9474-1A3956D46DE8}") = "Service", "Service", "{E761D299-0239-49CE-BC5F-7212DCDD46B3}"
EndProject
Project("{2150E333-8FDC-42A3-9474-1A3956D46DE8}") = "DataAcces", "DataAcces", "{3DC4EAA4-BC8E-41EF-9A69-29B65B06720E}"
EndProject
Project("{2150E333-8FDC-42A3-9474-1A3956D46DE8}") = "DataBase", "DataBase", "{714C9B97-89F0-4AEF-AE49-7694C3FDD137}"
EndProject
Project("{2150E333-8FDC-42A3-9474-1A3956D46DE8}") = "Configuration", "Configuration", "{70162F21-032A-4E1F-BADE-F56BEA22339D}"
EndProject
Project("{FAE04EC0-301F-11D3-BF4B-00C04F79EFBC}") = "App.Infra.Repository.Ef", "App.Infra.Repository.Ef\App.Infra.Repository.Ef.csproj", "{9A2DD970-7C9F-4B6B-BC04-66BEFFC43205}"
EndProject
Project("{FAE04EC0-301F-11D3-BF4B-00C04F79EFBC}") = "App.Infra.Db.SqlServer", "App.Infra.Db.SqlServer\App.Infra.Db.SqlServer.csproj", "{3CF17554-5CF5-4CE3-88AF-F77E90417525}"
EndProject
Project("{FAE04EC0-301F-11D3-BF4B-00C04F79EFBC}") = "ServiceOn", "ServiceOn\ServiceOn.csproj", "{7A96B07E-8DE6-4E77-88D0-108872623ADC}"
EndProject
Project("{2150E333-8FDC-42A3-9474-1A3956D46DE8}") = "00-Packages", "00-Packages", "{C3FE42FA-6839-4AC9-807C-F62CD35ED9D2}"
EndProject
Project("{FAE04EC0-301F-11D3-BF4B-00C04F79EFBC}") = "App.Packages", "App.Packages\App.Packages.csproj", "{0C76D322-0F72-43E6-8550-5666621318CB}"
EndProject
Project("{FAE04EC0-301F-11D3-BF4B-00C04F79EFBC}") = "App.Infra.Configuration.EF", "App.Infra.Configuration.EF\App.Infra.Configuration.EF.csproj", "{6E6D77A8-8802-44A9-B6B2-8928174414CB}"
EndProject
Global
	GlobalSection(SolutionConfigurationPlatforms) = preSolution
		Debug|Any CPU = Debug|Any CPU
		Release|Any CPU = Release|Any CPU
	EndGlobalSection
	GlobalSection(ProjectConfigurationPlatforms) = postSolution
		{C917DF59-71B2-463F-9090-54D7AD7FC3F2}.Debug|Any CPU.ActiveCfg = Debug|Any CPU
		{C917DF59-71B2-463F-9090-54D7AD7FC3F2}.Debug|Any CPU.Build.0 = Debug|Any CPU
		{C917DF59-71B2-463F-9090-54D7AD7FC3F2}.Release|Any CPU.ActiveCfg = Release|Any CPU
		{C917DF59-71B2-463F-9090-54D7AD7FC3F2}.Release|Any CPU.Build.0 = Release|Any CPU
		{9A2DD970-7C9F-4B6B-BC04-66BEFFC43205}.Debug|Any CPU.ActiveCfg = Debug|Any CPU
		{9A2DD970-7C9F-4B6B-BC04-66BEFFC43205}.Debug|Any CPU.Build.0 = Debug|Any CPU
		{9A2DD970-7C9F-4B6B-BC04-66BEFFC43205}.Release|Any CPU.ActiveCfg = Release|Any CPU
		{9A2DD970-7C9F-4B6B-BC04-66BEFFC43205}.Release|Any CPU.Build.0 = Release|Any CPU
		{3CF17554-5CF5-4CE3-88AF-F77E90417525}.Debug|Any CPU.ActiveCfg = Debug|Any CPU
		{3CF17554-5CF5-4CE3-88AF-F77E90417525}.Debug|Any CPU.Build.0 = Debug|Any CPU
		{3CF17554-5CF5-4CE3-88AF-F77E90417525}.Release|Any CPU.ActiveCfg = Release|Any CPU
		{3CF17554-5CF5-4CE3-88AF-F77E90417525}.Release|Any CPU.Build.0 = Release|Any CPU
		{7A96B07E-8DE6-4E77-88D0-108872623ADC}.Debug|Any CPU.ActiveCfg = Debug|Any CPU
		{7A96B07E-8DE6-4E77-88D0-108872623ADC}.Debug|Any CPU.Build.0 = Debug|Any CPU
		{7A96B07E-8DE6-4E77-88D0-108872623ADC}.Release|Any CPU.ActiveCfg = Release|Any CPU
		{7A96B07E-8DE6-4E77-88D0-108872623ADC}.Release|Any CPU.Build.0 = Release|Any CPU
		{0C76D322-0F72-43E6-8550-5666621318CB}.Debug|Any CPU.ActiveCfg = Debug|Any CPU
		{0C76D322-0F72-43E6-8550-5666621318CB}.Debug|Any CPU.Build.0 = Debug|Any CPU
		{0C76D322-0F72-43E6-8550-5666621318CB}.Release|Any CPU.ActiveCfg = Release|Any CPU
		{0C76D322-0F72-43E6-8550-5666621318CB}.Release|Any CPU.Build.0 = Release|Any CPU
		{6E6D77A8-8802-44A9-B6B2-8928174414CB}.Debug|Any CPU.ActiveCfg = Debug|Any CPU
		{6E6D77A8-8802-44A9-B6B2-8928174414CB}.Debug|Any CPU.Build.0 = Debug|Any CPU
		{6E6D77A8-8802-44A9-B6B2-8928174414CB}.Release|Any CPU.ActiveCfg = Release|Any CPU
		{6E6D77A8-8802-44A9-B6B2-8928174414CB}.Release|Any CPU.Build.0 = Release|Any CPU
	EndGlobalSection
	GlobalSection(SolutionProperties) = preSolution
		HideSolutionNode = FALSE
	EndGlobalSection
	GlobalSection(NestedProjects) = preSolution
		{94D27912-D286-4BA3-819C-69417DC043B9} = {E38D66BE-F979-487A-BCBF-6F8C9DCCC772}
		{471212D3-6CC4-4068-AA79-EFC3A7E6D96A} = {E38D66BE-F979-487A-BCBF-6F8C9DCCC772}
		{2D852E0B-1A8B-45CD-BA64-B50E654AF5BD} = {E38D66BE-F979-487A-BCBF-6F8C9DCCC772}
		{31AE461E-C93E-49FC-B60D-6FF84CB1AB50} = {94D27912-D286-4BA3-819C-69417DC043B9}
		{B4D4035C-A084-44EB-8319-080E9A0E3FD1} = {94D27912-D286-4BA3-819C-69417DC043B9}
		{C917DF59-71B2-463F-9090-54D7AD7FC3F2} = {31AE461E-C93E-49FC-B60D-6FF84CB1AB50}
		{BE97DEDF-539B-4506-A42E-FC9266A82402} = {B4D4035C-A084-44EB-8319-080E9A0E3FD1}
		{E761D299-0239-49CE-BC5F-7212DCDD46B3} = {B4D4035C-A084-44EB-8319-080E9A0E3FD1}
		{3DC4EAA4-BC8E-41EF-9A69-29B65B06720E} = {471212D3-6CC4-4068-AA79-EFC3A7E6D96A}
		{714C9B97-89F0-4AEF-AE49-7694C3FDD137} = {471212D3-6CC4-4068-AA79-EFC3A7E6D96A}
		{70162F21-032A-4E1F-BADE-F56BEA22339D} = {471212D3-6CC4-4068-AA79-EFC3A7E6D96A}
		{9A2DD970-7C9F-4B6B-BC04-66BEFFC43205} = {3DC4EAA4-BC8E-41EF-9A69-29B65B06720E}
		{3CF17554-5CF5-4CE3-88AF-F77E90417525} = {714C9B97-89F0-4AEF-AE49-7694C3FDD137}
		{7A96B07E-8DE6-4E77-88D0-108872623ADC} = {2D852E0B-1A8B-45CD-BA64-B50E654AF5BD}
		{C3FE42FA-6839-4AC9-807C-F62CD35ED9D2} = {E38D66BE-F979-487A-BCBF-6F8C9DCCC772}
		{0C76D322-0F72-43E6-8550-5666621318CB} = {C3FE42FA-6839-4AC9-807C-F62CD35ED9D2}
		{6E6D77A8-8802-44A9-B6B2-8928174414CB} = {70162F21-032A-4E1F-BADE-F56BEA22339D}
	EndGlobalSection
	GlobalSection(ExtensibilityGlobals) = postSolution
		SolutionGuid = {409924A9-DA29-48D3-862D-2AD1CC449F80}
	EndGlobalSection
EndGlobal
